
Microsoft Visual Studio Solution File, Format Version 12.00
# Visual Studio Version 16
VisualStudioVersion = 16.0.31624.102
MinimumVisualStudioVersion = 10.0.40219.1
Project("{9A19103F-16F7-4668-BE54-9A1E7A4F7556}") = "Sirma_Task", "Sirma_Task.csproj", "{9CEE8C7C-9B99-4000-B368-90228F7B2B4F}"
EndProject
Global
	GlobalSection(SolutionConfigurationPlatforms) = preSolution
		Debug|Any CPU = Debug|Any CPU
		Release|Any CPU = Release|Any CPU
	EndGlobalSection
	GlobalSection(ProjectConfigurationPlatforms) = postSolution
		{9CEE8C7C-9B99-4000-B368-90228F7B2B4F}.Debug|Any CPU.ActiveCfg = Debug|Any CPU
		{9CEE8C7C-9B99-4000-B368-90228F7B2B4F}.Debug|Any CPU.Build.0 = Debug|Any CPU
		{9CEE8C7C-9B99-4000-B368-90228F7B2B4F}.Release|Any CPU.ActiveCfg = Release|Any CPU
		{9CEE8C7C-9B99-4000-B368-90228F7B2B4F}.Release|Any CPU.Build.0 = Release|Any CPU
	EndGlobalSection
	GlobalSection(SolutionProperties) = preSolution
		HideSolutionNode = FALSE
	EndGlobalSection
	GlobalSection(ExtensibilityGlobals) = postSolution
		SolutionGuid = {DD18AB79-7E73-4186-9CE7-4EF024D7CF7F}
	EndGlobalSection
EndGlobal
